
Microsoft Visual Studio Solution File, Format Version 12.00
# Visual Studio 15
VisualStudioVersion = 15.0.28010.0
MinimumVisualStudioVersion = 10.0.40219.1
Project("{FAE04EC0-301F-11D3-BF4B-00C04F79EFBC}") = "Sobrecarga", "Sobrecarga\Sobrecarga.csproj", "{89F31B95-5EE4-4DA0-9CF0-6DAB27481FCC}"
EndProject
Global
	GlobalSection(SolutionConfigurationPlatforms) = preSolution
		Debug|Any CPU = Debug|Any CPU
		Release|Any CPU = Release|Any CPU
	EndGlobalSection
	GlobalSection(ProjectConfigurationPlatforms) = postSolution
		{89F31B95-5EE4-4DA0-9CF0-6DAB27481FCC}.Debug|Any CPU.ActiveCfg = Debug|Any CPU
		{89F31B95-5EE4-4DA0-9CF0-6DAB27481FCC}.Debug|Any CPU.Build.0 = Debug|Any CPU
		{89F31B95-5EE4-4DA0-9CF0-6DAB27481FCC}.Release|Any CPU.ActiveCfg = Release|Any CPU
		{89F31B95-5EE4-4DA0-9CF0-6DAB27481FCC}.Release|Any CPU.Build.0 = Release|Any CPU
	EndGlobalSection
	GlobalSection(SolutionProperties) = preSolution
		HideSolutionNode = FALSE
	EndGlobalSection
	GlobalSection(ExtensibilityGlobals) = postSolution
		SolutionGuid = {959F5298-22E8-4847-8559-E37F4BFCB2A9}
	EndGlobalSection
EndGlobal
